// !$*UTF8*$!
{
	archiveVersion = 1;
	classes = {
	};
	objectVersion = 50;
	objects = {

/* Begin PBXBuildFile section */
		479FAAB32102072700430FFB /* UINibView.swift in Sources */ = {isa = PBXBuildFile; fileRef = 479FAAB22102072700430FFB /* UINibView.swift */; };
		479FAAB92102072C00430FFB /* CardView.swift in Sources */ = {isa = PBXBuildFile; fileRef = 479FAAB52102072C00430FFB /* CardView.swift */; };
		479FAABB2102072C00430FFB /* CardView.xib in Resources */ = {isa = PBXBuildFile; fileRef = 479FAAB72102072C00430FFB /* CardView.xib */; };
		479FAABF2102076500430FFB /* ScoreContract.swift in Sources */ = {isa = PBXBuildFile; fileRef = 479FAABE2102076500430FFB /* ScoreContract.swift */; };
		479FAAC1210207F700430FFB /* DefaultScorePresenter.swift in Sources */ = {isa = PBXBuildFile; fileRef = 479FAAC0210207F700430FFB /* DefaultScorePresenter.swift */; };
		479FAAC3210208BA00430FFB /* ScoresViewController.swift in Sources */ = {isa = PBXBuildFile; fileRef = 479FAAC2210208BA00430FFB /* ScoresViewController.swift */; };
		479FAAC621020BA000430FFB /* GameBarView.xib in Resources */ = {isa = PBXBuildFile; fileRef = 479FAAC421020BA000430FFB /* GameBarView.xib */; };
		479FAAC721020BA000430FFB /* GameBarView.swift in Sources */ = {isa = PBXBuildFile; fileRef = 479FAAC521020BA000430FFB /* GameBarView.swift */; };
		479FAAD321052B8200430FFB /* UserContract.swift in Sources */ = {isa = PBXBuildFile; fileRef = 479FAAD121052B8200430FFB /* UserContract.swift */; };
		479FAAD421052B8200430FFB /* UserViewController.swift in Sources */ = {isa = PBXBuildFile; fileRef = 479FAAD221052B8200430FFB /* UserViewController.swift */; };
		479FAAD621052C6A00430FFB /* DefaultUserPresenter.swift in Sources */ = {isa = PBXBuildFile; fileRef = 479FAAD521052C6A00430FFB /* DefaultUserPresenter.swift */; };
		479FAAD821052CD000430FFB /* InputView.swift in Sources */ = {isa = PBXBuildFile; fileRef = 479FAAD721052CD000430FFB /* InputView.swift */; };
		479FAADA21052CF400430FFB /* InputView.xib in Resources */ = {isa = PBXBuildFile; fileRef = 479FAAD921052CF400430FFB /* InputView.xib */; };
		479FAADC2105DF7100430FFB /* UserPresenterTest.swift in Sources */ = {isa = PBXBuildFile; fileRef = 479FAADB2105DF7100430FFB /* UserPresenterTest.swift */; };
		479FAADE2105E3DB00430FFB /* ScoresPresenterTest.swift in Sources */ = {isa = PBXBuildFile; fileRef = 479FAADD2105E3DB00430FFB /* ScoresPresenterTest.swift */; };
		479FAAE02105E64500430FFB /* GamePresenterTest.swift in Sources */ = {isa = PBXBuildFile; fileRef = 479FAADF2105E64500430FFB /* GamePresenterTest.swift */; };
		479FAAEC21060ED900430FFB /* ScoresHeaderCollectionViewCell.swift in Sources */ = {isa = PBXBuildFile; fileRef = 479FAAEA21060ED900430FFB /* ScoresHeaderCollectionViewCell.swift */; };
		479FAAED21060ED900430FFB /* ScoresHeaderCollectionViewCell.xib in Resources */ = {isa = PBXBuildFile; fileRef = 479FAAEB21060ED900430FFB /* ScoresHeaderCollectionViewCell.xib */; };
		47E242AF21009E870033E6AB /* AppDelegate.swift in Sources */ = {isa = PBXBuildFile; fileRef = 47E242AE21009E870033E6AB /* AppDelegate.swift */; };
		47E242B421009E870033E6AB /* Main.storyboard in Resources */ = {isa = PBXBuildFile; fileRef = 47E242B221009E870033E6AB /* Main.storyboard */; };
		47E242B621009E8B0033E6AB /* Assets.xcassets in Resources */ = {isa = PBXBuildFile; fileRef = 47E242B521009E8B0033E6AB /* Assets.xcassets */; };
		47E242B921009E8B0033E6AB /* LaunchScreen.storyboard in Resources */ = {isa = PBXBuildFile; fileRef = 47E242B721009E8B0033E6AB /* LaunchScreen.storyboard */; };
		47E242EF210102D30033E6AB /* GameViewController.swift in Sources */ = {isa = PBXBuildFile; fileRef = 47E242EB210102D30033E6AB /* GameViewController.swift */; };
		47E242F0210102D30033E6AB /* DefaultGamePresenter.swift in Sources */ = {isa = PBXBuildFile; fileRef = 47E242EC210102D30033E6AB /* DefaultGamePresenter.swift */; };
		47E242F1210102D30033E6AB /* GameContract.swift in Sources */ = {isa = PBXBuildFile; fileRef = 47E242ED210102D30033E6AB /* GameContract.swift */; };
		47E242F521010C6C0033E6AB /* GameDataSource.swift in Sources */ = {isa = PBXBuildFile; fileRef = 47E242F421010C6C0033E6AB /* GameDataSource.swift */; };
		47E242F721010C7B0033E6AB /* ScoreDataSource.swift in Sources */ = {isa = PBXBuildFile; fileRef = 47E242F621010C7B0033E6AB /* ScoreDataSource.swift */; };
/* End PBXBuildFile section */

/* Begin PBXContainerItemProxy section */
		47E242C021009E8B0033E6AB /* PBXContainerItemProxy */ = {
			isa = PBXContainerItemProxy;
			containerPortal = 47E242A321009E870033E6AB /* Project object */;
			proxyType = 1;
			remoteGlobalIDString = 47E242AA21009E870033E6AB;
			remoteInfo = ColourMemory;
		};
/* End PBXContainerItemProxy section */

/* Begin PBXFileReference section */
		479FAAB22102072700430FFB /* UINibView.swift */ = {isa = PBXFileReference; fileEncoding = 4; lastKnownFileType = sourcecode.swift; path = UINibView.swift; sourceTree = "<group>"; };
		479FAAB52102072C00430FFB /* CardView.swift */ = {isa = PBXFileReference; fileEncoding = 4; lastKnownFileType = sourcecode.swift; path = CardView.swift; sourceTree = "<group>"; };
		479FAAB72102072C00430FFB /* CardView.xib */ = {isa = PBXFileReference; fileEncoding = 4; lastKnownFileType = file.xib; path = CardView.xib; sourceTree = "<group>"; };
		479FAABE2102076500430FFB /* ScoreContract.swift */ = {isa = PBXFileReference; lastKnownFileType = sourcecode.swift; path = ScoreContract.swift; sourceTree = "<group>"; };
		479FAAC0210207F700430FFB /* DefaultScorePresenter.swift */ = {isa = PBXFileReference; lastKnownFileType = sourcecode.swift; path = DefaultScorePresenter.swift; sourceTree = "<group>"; };
		479FAAC2210208BA00430FFB /* ScoresViewController.swift */ = {isa = PBXFileReference; lastKnownFileType = sourcecode.swift; path = ScoresViewController.swift; sourceTree = "<group>"; };
		479FAAC421020BA000430FFB /* GameBarView.xib */ = {isa = PBXFileReference; fileEncoding = 4; lastKnownFileType = file.xib; path = GameBarView.xib; sourceTree = "<group>"; };
		479FAAC521020BA000430FFB /* GameBarView.swift */ = {isa = PBXFileReference; fileEncoding = 4; lastKnownFileType = sourcecode.swift; path = GameBarView.swift; sourceTree = "<group>"; };
		479FAAD121052B8200430FFB /* UserContract.swift */ = {isa = PBXFileReference; fileEncoding = 4; lastKnownFileType = sourcecode.swift; path = UserContract.swift; sourceTree = "<group>"; };
		479FAAD221052B8200430FFB /* UserViewController.swift */ = {isa = PBXFileReference; fileEncoding = 4; lastKnownFileType = sourcecode.swift; path = UserViewController.swift; sourceTree = "<group>"; };
		479FAAD521052C6A00430FFB /* DefaultUserPresenter.swift */ = {isa = PBXFileReference; lastKnownFileType = sourcecode.swift; path = DefaultUserPresenter.swift; sourceTree = "<group>"; };
		479FAAD721052CD000430FFB /* InputView.swift */ = {isa = PBXFileReference; lastKnownFileType = sourcecode.swift; path = InputView.swift; sourceTree = "<group>"; };
		479FAAD921052CF400430FFB /* InputView.xib */ = {isa = PBXFileReference; fileEncoding = 4; lastKnownFileType = file.xib; path = InputView.xib; sourceTree = "<group>"; };
		479FAADB2105DF7100430FFB /* UserPresenterTest.swift */ = {isa = PBXFileReference; lastKnownFileType = sourcecode.swift; path = UserPresenterTest.swift; sourceTree = "<group>"; };
		479FAADD2105E3DB00430FFB /* ScoresPresenterTest.swift */ = {isa = PBXFileReference; lastKnownFileType = sourcecode.swift; path = ScoresPresenterTest.swift; sourceTree = "<group>"; };
		479FAADF2105E64500430FFB /* GamePresenterTest.swift */ = {isa = PBXFileReference; lastKnownFileType = sourcecode.swift; path = GamePresenterTest.swift; sourceTree = "<group>"; };
		479FAAEA21060ED900430FFB /* ScoresHeaderCollectionViewCell.swift */ = {isa = PBXFileReference; lastKnownFileType = sourcecode.swift; path = ScoresHeaderCollectionViewCell.swift; sourceTree = "<group>"; };
		479FAAEB21060ED900430FFB /* ScoresHeaderCollectionViewCell.xib */ = {isa = PBXFileReference; lastKnownFileType = file.xib; path = ScoresHeaderCollectionViewCell.xib; sourceTree = "<group>"; };
		47E242AB21009E870033E6AB /* ColourMemory.app */ = {isa = PBXFileReference; explicitFileType = wrapper.application; includeInIndex = 0; path = ColourMemory.app; sourceTree = BUILT_PRODUCTS_DIR; };
		47E242AE21009E870033E6AB /* AppDelegate.swift */ = {isa = PBXFileReference; lastKnownFileType = sourcecode.swift; path = AppDelegate.swift; sourceTree = "<group>"; };
		47E242B321009E870033E6AB /* Base */ = {isa = PBXFileReference; lastKnownFileType = file.storyboard; name = Base; path = Base.lproj/Main.storyboard; sourceTree = "<group>"; };
		47E242B521009E8B0033E6AB /* Assets.xcassets */ = {isa = PBXFileReference; lastKnownFileType = folder.assetcatalog; path = Assets.xcassets; sourceTree = "<group>"; };
		47E242B821009E8B0033E6AB /* Base */ = {isa = PBXFileReference; lastKnownFileType = file.storyboard; name = Base; path = Base.lproj/LaunchScreen.storyboard; sourceTree = "<group>"; };
		47E242BA21009E8B0033E6AB /* Info.plist */ = {isa = PBXFileReference; lastKnownFileType = text.plist.xml; path = Info.plist; sourceTree = "<group>"; };
		47E242BF21009E8B0033E6AB /* ColourMemoryTests.xctest */ = {isa = PBXFileReference; explicitFileType = wrapper.cfbundle; includeInIndex = 0; path = ColourMemoryTests.xctest; sourceTree = BUILT_PRODUCTS_DIR; };
		47E242C521009E8B0033E6AB /* Info.plist */ = {isa = PBXFileReference; lastKnownFileType = text.plist.xml; path = Info.plist; sourceTree = "<group>"; };
		47E242EB210102D30033E6AB /* GameViewController.swift */ = {isa = PBXFileReference; fileEncoding = 4; lastKnownFileType = sourcecode.swift; path = GameViewController.swift; sourceTree = "<group>"; };
		47E242EC210102D30033E6AB /* DefaultGamePresenter.swift */ = {isa = PBXFileReference; fileEncoding = 4; lastKnownFileType = sourcecode.swift; path = DefaultGamePresenter.swift; sourceTree = "<group>"; };
		47E242ED210102D30033E6AB /* GameContract.swift */ = {isa = PBXFileReference; fileEncoding = 4; lastKnownFileType = sourcecode.swift; path = GameContract.swift; sourceTree = "<group>"; };
		47E242F421010C6C0033E6AB /* GameDataSource.swift */ = {isa = PBXFileReference; fileEncoding = 4; lastKnownFileType = sourcecode.swift; path = GameDataSource.swift; sourceTree = "<group>"; };
		47E242F621010C7B0033E6AB /* ScoreDataSource.swift */ = {isa = PBXFileReference; lastKnownFileType = sourcecode.swift; path = ScoreDataSource.swift; sourceTree = "<group>"; };
/* End PBXFileReference section */

/* Begin PBXFrameworksBuildPhase section */
		47E242A821009E870033E6AB /* Frameworks */ = {
			isa = PBXFrameworksBuildPhase;
			buildActionMask = 2147483647;
			files = (
			);
			runOnlyForDeploymentPostprocessing = 0;
		};
		47E242BC21009E8B0033E6AB /* Frameworks */ = {
			isa = PBXFrameworksBuildPhase;
			buildActionMask = 2147483647;
			files = (
			);
			runOnlyForDeploymentPostprocessing = 0;
		};
/* End PBXFrameworksBuildPhase section */

/* Begin PBXGroup section */
		479FAAB12102072700430FFB /* Common */ = {
			isa = PBXGroup;
			children = (
				479FAAC521020BA000430FFB /* GameBarView.swift */,
				479FAAC421020BA000430FFB /* GameBarView.xib */,
				479FAAD721052CD000430FFB /* InputView.swift */,
				479FAAD921052CF400430FFB /* InputView.xib */,
				479FAAB22102072700430FFB /* UINibView.swift */,
			);
			path = Common;
			sourceTree = "<group>";
		};
		479FAAB42102072C00430FFB /* ui */ = {
			isa = PBXGroup;
			children = (
				479FAAB52102072C00430FFB /* CardView.swift */,
				479FAAB72102072C00430FFB /* CardView.xib */,
			);
			path = ui;
			sourceTree = "<group>";
		};
		479FAABD2102075100430FFB /* Scores */ = {
			isa = PBXGroup;
			children = (
				479FAAE121060B5700430FFB /* ui */,
				479FAABE2102076500430FFB /* ScoreContract.swift */,
				479FAAC0210207F700430FFB /* DefaultScorePresenter.swift */,
				479FAAC2210208BA00430FFB /* ScoresViewController.swift */,
			);
			path = Scores;
			sourceTree = "<group>";
		};
		479FAAD021052B8200430FFB /* NewUser */ = {
			isa = PBXGroup;
			children = (
				479FAAD121052B8200430FFB /* UserContract.swift */,
				479FAAD221052B8200430FFB /* UserViewController.swift */,
				479FAAD521052C6A00430FFB /* DefaultUserPresenter.swift */,
			);
			path = NewUser;
			sourceTree = "<group>";
		};
		479FAAE121060B5700430FFB /* ui */ = {
			isa = PBXGroup;
			children = (
				479FAAEA21060ED900430FFB /* ScoresHeaderCollectionViewCell.swift */,
				479FAAEB21060ED900430FFB /* ScoresHeaderCollectionViewCell.xib */,
			);
			path = ui;
			sourceTree = "<group>";
		};
		47E242A221009E870033E6AB = {
			isa = PBXGroup;
			children = (
				47E242AD21009E870033E6AB /* ColourMemory */,
				47E242C221009E8B0033E6AB /* ColourMemoryTests */,
				47E242AC21009E870033E6AB /* Products */,
			);
			sourceTree = "<group>";
		};
		47E242AC21009E870033E6AB /* Products */ = {
			isa = PBXGroup;
			children = (
				47E242AB21009E870033E6AB /* ColourMemory.app */,
				47E242BF21009E8B0033E6AB /* ColourMemoryTests.xctest */,
			);
			name = Products;
			sourceTree = "<group>";
		};
		47E242AD21009E870033E6AB /* ColourMemory */ = {
			isa = PBXGroup;
			children = (
				47E242DC21009F880033E6AB /* Classes */,
				47E242AE21009E870033E6AB /* AppDelegate.swift */,
				47E242B221009E870033E6AB /* Main.storyboard */,
				47E242B721009E8B0033E6AB /* LaunchScreen.storyboard */,
				47E242B521009E8B0033E6AB /* Assets.xcassets */,
				47E242BA21009E8B0033E6AB /* Info.plist */,
			);
			path = ColourMemory;
			sourceTree = "<group>";
		};
		47E242C221009E8B0033E6AB /* ColourMemoryTests */ = {
			isa = PBXGroup;
			children = (
				47E242C521009E8B0033E6AB /* Info.plist */,
				479FAADB2105DF7100430FFB /* UserPresenterTest.swift */,
				479FAADD2105E3DB00430FFB /* ScoresPresenterTest.swift */,
				479FAADF2105E64500430FFB /* GamePresenterTest.swift */,
			);
			path = ColourMemoryTests;
			sourceTree = "<group>";
		};
		47E242DC21009F880033E6AB /* Classes */ = {
			isa = PBXGroup;
			children = (
				479FAAD021052B8200430FFB /* NewUser */,
				479FAABD2102075100430FFB /* Scores */,
				479FAAB12102072700430FFB /* Common */,
				47E242F321010C6C0033E6AB /* DataSource */,
				47E242EA210102D30033E6AB /* Game */,
			);
			path = Classes;
			sourceTree = "<group>";
		};
		47E242EA210102D30033E6AB /* Game */ = {
			isa = PBXGroup;
			children = (
				479FAAB42102072C00430FFB /* ui */,
				47E242EB210102D30033E6AB /* GameViewController.swift */,
				47E242EC210102D30033E6AB /* DefaultGamePresenter.swift */,
				47E242ED210102D30033E6AB /* GameContract.swift */,
			);
			path = Game;
			sourceTree = "<group>";
		};
		47E242F321010C6C0033E6AB /* DataSource */ = {
			isa = PBXGroup;
			children = (
				47E242F421010C6C0033E6AB /* GameDataSource.swift */,
				47E242F621010C7B0033E6AB /* ScoreDataSource.swift */,
			);
			path = DataSource;
			sourceTree = "<group>";
		};
/* End PBXGroup section */

/* Begin PBXNativeTarget section */
		47E242AA21009E870033E6AB /* ColourMemory */ = {
			isa = PBXNativeTarget;
			buildConfigurationList = 47E242D321009E8B0033E6AB /* Build configuration list for PBXNativeTarget "ColourMemory" */;
			buildPhases = (
				47E242A721009E870033E6AB /* Sources */,
				47E242A821009E870033E6AB /* Frameworks */,
				47E242A921009E870033E6AB /* Resources */,
			);
			buildRules = (
			);
			dependencies = (
			);
			name = ColourMemory;
			productName = ColourMemory;
			productReference = 47E242AB21009E870033E6AB /* ColourMemory.app */;
			productType = "com.apple.product-type.application";
		};
		47E242BE21009E8B0033E6AB /* ColourMemoryTests */ = {
			isa = PBXNativeTarget;
			buildConfigurationList = 47E242D621009E8B0033E6AB /* Build configuration list for PBXNativeTarget "ColourMemoryTests" */;
			buildPhases = (
				47E242BB21009E8B0033E6AB /* Sources */,
				47E242BC21009E8B0033E6AB /* Frameworks */,
				47E242BD21009E8B0033E6AB /* Resources */,
			);
			buildRules = (
			);
			dependencies = (
				47E242C121009E8B0033E6AB /* PBXTargetDependency */,
			);
			name = ColourMemoryTests;
			productName = ColourMemoryTests;
			productReference = 47E242BF21009E8B0033E6AB /* ColourMemoryTests.xctest */;
			productType = "com.apple.product-type.bundle.unit-test";
		};
/* End PBXNativeTarget section */

/* Begin PBXProject section */
		47E242A321009E870033E6AB /* Project object */ = {
			isa = PBXProject;
			attributes = {
				LastSwiftUpdateCheck = 0940;
				LastUpgradeCheck = 0940;
				ORGANIZATIONNAME = "Eli Melki Corp";
				TargetAttributes = {
					47E242AA21009E870033E6AB = {
						CreatedOnToolsVersion = 9.4.1;
					};
					47E242BE21009E8B0033E6AB = {
						CreatedOnToolsVersion = 9.4.1;
						TestTargetID = 47E242AA21009E870033E6AB;
					};
				};
			};
			buildConfigurationList = 47E242A621009E870033E6AB /* Build configuration list for PBXProject "ColourMemory" */;
			compatibilityVersion = "Xcode 9.3";
			developmentRegion = en;
			hasScannedForEncodings = 0;
			knownRegions = (
				en,
				Base,
			);
			mainGroup = 47E242A221009E870033E6AB;
			productRefGroup = 47E242AC21009E870033E6AB /* Products */;
			projectDirPath = "";
			projectRoot = "";
			targets = (
				47E242AA21009E870033E6AB /* ColourMemory */,
				47E242BE21009E8B0033E6AB /* ColourMemoryTests */,
			);
		};
/* End PBXProject section */

/* Begin PBXResourcesBuildPhase section */
		47E242A921009E870033E6AB /* Resources */ = {
			isa = PBXResourcesBuildPhase;
			buildActionMask = 2147483647;
			files = (
				47E242B921009E8B0033E6AB /* LaunchScreen.storyboard in Resources */,
				479FAAED21060ED900430FFB /* ScoresHeaderCollectionViewCell.xib in Resources */,
				47E242B621009E8B0033E6AB /* Assets.xcassets in Resources */,
				479FAABB2102072C00430FFB /* CardView.xib in Resources */,
				47E242B421009E870033E6AB /* Main.storyboard in Resources */,
				479FAAC621020BA000430FFB /* GameBarView.xib in Resources */,
				479FAADA21052CF400430FFB /* InputView.xib in Resources */,
			);
			runOnlyForDeploymentPostprocessing = 0;
		};
		47E242BD21009E8B0033E6AB /* Resources */ = {
			isa = PBXResourcesBuildPhase;
			buildActionMask = 2147483647;
			files = (
			);
			runOnlyForDeploymentPostprocessing = 0;
		};
/* End PBXResourcesBuildPhase section */

/* Begin PBXSourcesBuildPhase section */
		47E242A721009E870033E6AB /* Sources */ = {
			isa = PBXSourcesBuildPhase;
			buildActionMask = 2147483647;
			files = (
				47E242F1210102D30033E6AB /* GameContract.swift in Sources */,
				479FAAB32102072700430FFB /* UINibView.swift in Sources */,
				479FAAEC21060ED900430FFB /* ScoresHeaderCollectionViewCell.swift in Sources */,
				479FAAC1210207F700430FFB /* DefaultScorePresenter.swift in Sources */,
				47E242F0210102D30033E6AB /* DefaultGamePresenter.swift in Sources */,
				47E242EF210102D30033E6AB /* GameViewController.swift in Sources */,
				479FAAD821052CD000430FFB /* InputView.swift in Sources */,
				47E242F721010C7B0033E6AB /* ScoreDataSource.swift in Sources */,
				47E242AF21009E870033E6AB /* AppDelegate.swift in Sources */,
				479FAAC3210208BA00430FFB /* ScoresViewController.swift in Sources */,
				479FAAB92102072C00430FFB /* CardView.swift in Sources */,
				479FAAD321052B8200430FFB /* UserContract.swift in Sources */,
				479FAAD421052B8200430FFB /* UserViewController.swift in Sources */,
				479FAABF2102076500430FFB /* ScoreContract.swift in Sources */,
				479FAAD621052C6A00430FFB /* DefaultUserPresenter.swift in Sources */,
				479FAAC721020BA000430FFB /* GameBarView.swift in Sources */,
				47E242F521010C6C0033E6AB /* GameDataSource.swift in Sources */,
			);
			runOnlyForDeploymentPostprocessing = 0;
		};
		47E242BB21009E8B0033E6AB /* Sources */ = {
			isa = PBXSourcesBuildPhase;
			buildActionMask = 2147483647;
			files = (
				479FAADC2105DF7100430FFB /* UserPresenterTest.swift in Sources */,
				479FAADE2105E3DB00430FFB /* ScoresPresenterTest.swift in Sources */,
				479FAAE02105E64500430FFB /* GamePresenterTest.swift in Sources */,
			);
			runOnlyForDeploymentPostprocessing = 0;
		};
/* End PBXSourcesBuildPhase section */

/* Begin PBXTargetDependency section */
		47E242C121009E8B0033E6AB /* PBXTargetDependency */ = {
			isa = PBXTargetDependency;
			target = 47E242AA21009E870033E6AB /* ColourMemory */;
			targetProxy = 47E242C021009E8B0033E6AB /* PBXContainerItemProxy */;
		};
/* End PBXTargetDependency section */

/* Begin PBXVariantGroup section */
		47E242B221009E870033E6AB /* Main.storyboard */ = {
			isa = PBXVariantGroup;
			children = (
				47E242B321009E870033E6AB /* Base */,
			);
			name = Main.storyboard;
			sourceTree = "<group>";
		};
		47E242B721009E8B0033E6AB /* LaunchScreen.storyboard */ = {
			isa = PBXVariantGroup;
			children = (
				47E242B821009E8B0033E6AB /* Base */,
			);
			name = LaunchScreen.storyboard;
			sourceTree = "<group>";
		};
/* End PBXVariantGroup section */

/* Begin XCBuildConfiguration section */
		47E242D121009E8B0033E6AB /* Debug */ = {
			isa = XCBuildConfiguration;
			buildSettings = {
				ALWAYS_SEARCH_USER_PATHS = NO;
				CLANG_ANALYZER_NONNULL = YES;
				CLANG_ANALYZER_NUMBER_OBJECT_CONVERSION = YES_AGGRESSIVE;
				CLANG_CXX_LANGUAGE_STANDARD = "gnu++14";
				CLANG_CXX_LIBRARY = "libc++";
				CLANG_ENABLE_MODULES = YES;
				CLANG_ENABLE_OBJC_ARC = YES;
				CLANG_ENABLE_OBJC_WEAK = YES;
				CLANG_WARN_BLOCK_CAPTURE_AUTORELEASING = YES;
				CLANG_WARN_BOOL_CONVERSION = YES;
				CLANG_WARN_COMMA = YES;
				CLANG_WARN_CONSTANT_CONVERSION = YES;
				CLANG_WARN_DEPRECATED_OBJC_IMPLEMENTATIONS = YES;
				CLANG_WARN_DIRECT_OBJC_ISA_USAGE = YES_ERROR;
				CLANG_WARN_DOCUMENTATION_COMMENTS = YES;
				CLANG_WARN_EMPTY_BODY = YES;
				CLANG_WARN_ENUM_CONVERSION = YES;
				CLANG_WARN_INFINITE_RECURSION = YES;
				CLANG_WARN_INT_CONVERSION = YES;
				CLANG_WARN_NON_LITERAL_NULL_CONVERSION = YES;
				CLANG_WARN_OBJC_IMPLICIT_RETAIN_SELF = YES;
				CLANG_WARN_OBJC_LITERAL_CONVERSION = YES;
				CLANG_WARN_OBJC_ROOT_CLASS = YES_ERROR;
				CLANG_WARN_RANGE_LOOP_ANALYSIS = YES;
				CLANG_WARN_STRICT_PROTOTYPES = YES;
				CLANG_WARN_SUSPICIOUS_MOVE = YES;
				CLANG_WARN_UNGUARDED_AVAILABILITY = YES_AGGRESSIVE;
				CLANG_WARN_UNREACHABLE_CODE = YES;
				CLANG_WARN__DUPLICATE_METHOD_MATCH = YES;
				CODE_SIGN_IDENTITY = "iPhone Developer";
				COPY_PHASE_STRIP = NO;
				DEBUG_INFORMATION_FORMAT = dwarf;
				ENABLE_STRICT_OBJC_MSGSEND = YES;
				ENABLE_TESTABILITY = YES;
				GCC_C_LANGUAGE_STANDARD = gnu11;
				GCC_DYNAMIC_NO_PIC = NO;
				GCC_NO_COMMON_BLOCKS = YES;
				GCC_OPTIMIZATION_LEVEL = 0;
				GCC_PREPROCESSOR_DEFINITIONS = (
					"DEBUG=1",
					"$(inherited)",
				);
				GCC_WARN_64_TO_32_BIT_CONVERSION = YES;
				GCC_WARN_ABOUT_RETURN_TYPE = YES_ERROR;
				GCC_WARN_UNDECLARED_SELECTOR = YES;
				GCC_WARN_UNINITIALIZED_AUTOS = YES_AGGRESSIVE;
				GCC_WARN_UNUSED_FUNCTION = YES;
				GCC_WARN_UNUSED_VARIABLE = YES;
				IPHONEOS_DEPLOYMENT_TARGET = 10.0;
				MTL_ENABLE_DEBUG_INFO = YES;
				ONLY_ACTIVE_ARCH = YES;
				SDKROOT = iphoneos;
				SWIFT_ACTIVE_COMPILATION_CONDITIONS = DEBUG;
				SWIFT_OPTIMIZATION_LEVEL = "-Onone";
			};
			name = Debug;
		};
		47E242D221009E8B0033E6AB /* Release */ = {
			isa = XCBuildConfiguration;
			buildSettings = {
				ALWAYS_SEARCH_USER_PATHS = NO;
				CLANG_ANALYZER_NONNULL = YES;
				CLANG_ANALYZER_NUMBER_OBJECT_CONVERSION = YES_AGGRESSIVE;
				CLANG_CXX_LANGUAGE_STANDARD = "gnu++14";
				CLANG_CXX_LIBRARY = "libc++";
				CLANG_ENABLE_MODULES = YES;
				CLANG_ENABLE_OBJC_ARC = YES;
				CLANG_ENABLE_OBJC_WEAK = YES;
				CLANG_WARN_BLOCK_CAPTURE_AUTORELEASING = YES;
				CLANG_WARN_BOOL_CONVERSION = YES;
				CLANG_WARN_COMMA = YES;
				CLANG_WARN_CONSTANT_CONVERSION = YES;
				CLANG_WARN_DEPRECATED_OBJC_IMPLEMENTATIONS = YES;
				CLANG_WARN_DIRECT_OBJC_ISA_USAGE = YES_ERROR;
				CLANG_WARN_DOCUMENTATION_COMMENTS = YES;
				CLANG_WARN_EMPTY_BODY = YES;
				CLANG_WARN_ENUM_CONVERSION = YES;
				CLANG_WARN_INFINITE_RECURSION = YES;
				CLANG_WARN_INT_CONVERSION = YES;
				CLANG_WARN_NON_LITERAL_NULL_CONVERSION = YES;
				CLANG_WARN_OBJC_IMPLICIT_RETAIN_SELF = YES;
				CLANG_WARN_OBJC_LITERAL_CONVERSION = YES;
				CLANG_WARN_OBJC_ROOT_CLASS = YES_ERROR;
				CLANG_WARN_RANGE_LOOP_ANALYSIS = YES;
				CLANG_WARN_STRICT_PROTOTYPES = YES;
				CLANG_WARN_SUSPICIOUS_MOVE = YES;
				CLANG_WARN_UNGUARDED_AVAILABILITY = YES_AGGRESSIVE;
				CLANG_WARN_UNREACHABLE_CODE = YES;
				CLANG_WARN__DUPLICATE_METHOD_MATCH = YES;
				CODE_SIGN_IDENTITY = "iPhone Developer";
				COPY_PHASE_STRIP = NO;
				DEBUG_INFORMATION_FORMAT = "dwarf-with-dsym";
				ENABLE_NS_ASSERTIONS = NO;
				ENABLE_STRICT_OBJC_MSGSEND = YES;
				GCC_C_LANGUAGE_STANDARD = gnu11;
				GCC_NO_COMMON_BLOCKS = YES;
				GCC_WARN_64_TO_32_BIT_CONVERSION = YES;
				GCC_WARN_ABOUT_RETURN_TYPE = YES_ERROR;
				GCC_WARN_UNDECLARED_SELECTOR = YES;
				GCC_WARN_UNINITIALIZED_AUTOS = YES_AGGRESSIVE;
				GCC_WARN_UNUSED_FUNCTION = YES;
				GCC_WARN_UNUSED_VARIABLE = YES;
				IPHONEOS_DEPLOYMENT_TARGET = 10.0;
				MTL_ENABLE_DEBUG_INFO = NO;
				SDKROOT = iphoneos;
				SWIFT_COMPILATION_MODE = wholemodule;
				SWIFT_OPTIMIZATION_LEVEL = "-O";
				VALIDATE_PRODUCT = YES;
			};
			name = Release;
		};
		47E242D421009E8B0033E6AB /* Debug */ = {
			isa = XCBuildConfiguration;
			buildSettings = {
				ASSETCATALOG_COMPILER_APPICON_NAME = AppIcon;
				CODE_SIGN_STYLE = Automatic;
				INFOPLIST_FILE = ColourMemory/Info.plist;
				LD_RUNPATH_SEARCH_PATHS = (
					"$(inherited)",
					"@executable_path/Frameworks",
				);
				PRODUCT_BUNDLE_IDENTIFIER = LX.ColourMemory;
				PRODUCT_NAME = "$(TARGET_NAME)";
				SWIFT_VERSION = 4.0;
				TARGETED_DEVICE_FAMILY = 1;
			};
			name = Debug;
		};
		47E242D521009E8B0033E6AB /* Release */ = {
			isa = XCBuildConfiguration;
			buildSettings = {
				ASSETCATALOG_COMPILER_APPICON_NAME = AppIcon;
				CODE_SIGN_STYLE = Automatic;
				INFOPLIST_FILE = ColourMemory/Info.plist;
				LD_RUNPATH_SEARCH_PATHS = (
					"$(inherited)",
					"@executable_path/Frameworks",
				);
				PRODUCT_BUNDLE_IDENTIFIER = LX.ColourMemory;
				PRODUCT_NAME = "$(TARGET_NAME)";
				SWIFT_VERSION = 4.0;
				TARGETED_DEVICE_FAMILY = 1;
			};
			name = Release;
		};
		47E242D721009E8B0033E6AB /* Debug */ = {
			isa = XCBuildConfiguration;
			buildSettings = {
				ALWAYS_EMBED_SWIFT_STANDARD_LIBRARIES = YES;
				BUNDLE_LOADER = "$(TEST_HOST)";
				CODE_SIGN_STYLE = Automatic;
				INFOPLIST_FILE = ColourMemoryTests/Info.plist;
				LD_RUNPATH_SEARCH_PATHS = (
					"$(inherited)",
					"@executable_path/Frameworks",
					"@loader_path/Frameworks",
				);
				PRODUCT_BUNDLE_IDENTIFIER = LX.ColourMemoryTests;
				PRODUCT_NAME = "$(TARGET_NAME)";
				SWIFT_VERSION = 4.0;
				TARGETED_DEVICE_FAMILY = "1,2";
				TEST_HOST = "$(BUILT_PRODUCTS_DIR)/ColourMemory.app/ColourMemory";
			};
			name = Debug;
		};
		47E242D821009E8B0033E6AB /* Release */ = {
			isa = XCBuildConfiguration;
			buildSettings = {
				ALWAYS_EMBED_SWIFT_STANDARD_LIBRARIES = YES;
				BUNDLE_LOADER = "$(TEST_HOST)";
				CODE_SIGN_STYLE = Automatic;
				INFOPLIST_FILE = ColourMemoryTests/Info.plist;
				LD_RUNPATH_SEARCH_PATHS = (
					"$(inherited)",
					"@executable_path/Frameworks",
					"@loader_path/Frameworks",
				);
				PRODUCT_BUNDLE_IDENTIFIER = LX.ColourMemoryTests;
				PRODUCT_NAME = "$(TARGET_NAME)";
				SWIFT_VERSION = 4.0;
				TARGETED_DEVICE_FAMILY = "1,2";
				TEST_HOST = "$(BUILT_PRODUCTS_DIR)/ColourMemory.app/ColourMemory";
			};
			name = Release;
		};
/* End XCBuildConfiguration section */

/* Begin XCConfigurationList section */
		47E242A621009E870033E6AB /* Build configuration list for PBXProject "ColourMemory" */ = {
			isa = XCConfigurationList;
			buildConfigurations = (
				47E242D121009E8B0033E6AB /* Debug */,
				47E242D221009E8B0033E6AB /* Release */,
			);
			defaultConfigurationIsVisible = 0;
			defaultConfigurationName = Release;
		};
		47E242D321009E8B0033E6AB /* Build configuration list for PBXNativeTarget "ColourMemory" */ = {
			isa = XCConfigurationList;
			buildConfigurations = (
				47E242D421009E8B0033E6AB /* Debug */,
				47E242D521009E8B0033E6AB /* Release */,
			);
			defaultConfigurationIsVisible = 0;
			defaultConfigurationName = Release;
		};
		47E242D621009E8B0033E6AB /* Build configuration list for PBXNativeTarget "ColourMemoryTests" */ = {
			isa = XCConfigurationList;
			buildConfigurations = (
				47E242D721009E8B0033E6AB /* Debug */,
				47E242D821009E8B0033E6AB /* Release */,
			);
			defaultConfigurationIsVisible = 0;
			defaultConfigurationName = Release;
		};
/* End XCConfigurationList section */
	};
	rootObject = 47E242A321009E870033E6AB /* Project object */;
}
